
Microsoft Visual Studio Solution File, Format Version 12.00
# Visual Studio Version 17
VisualStudioVersion = 17.9.34728.123
MinimumVisualStudioVersion = 10.0.40219.1
Project("{FAE04EC0-301F-11D3-BF4B-00C04F79EFBC}") = "MVCfirst", "MVCfirst\MVCfirst.csproj", "{AB3B1DD3-483A-4729-89B3-4F214DD2A116}"
EndProject
Global
	GlobalSection(SolutionConfigurationPlatforms) = preSolution
		Debug|Any CPU = Debug|Any CPU
		Release|Any CPU = Release|Any CPU
	EndGlobalSection
	GlobalSection(ProjectConfigurationPlatforms) = postSolution
		{AB3B1DD3-483A-4729-89B3-4F214DD2A116}.Debug|Any CPU.ActiveCfg = Debug|Any CPU
		{AB3B1DD3-483A-4729-89B3-4F214DD2A116}.Debug|Any CPU.Build.0 = Debug|Any CPU
		{AB3B1DD3-483A-4729-89B3-4F214DD2A116}.Release|Any CPU.ActiveCfg = Release|Any CPU
		{AB3B1DD3-483A-4729-89B3-4F214DD2A116}.Release|Any CPU.Build.0 = Release|Any CPU
	EndGlobalSection
	GlobalSection(SolutionProperties) = preSolution
		HideSolutionNode = FALSE
	EndGlobalSection
	GlobalSection(ExtensibilityGlobals) = postSolution
		SolutionGuid = {84F16FC3-0286-4F8D-BE75-95ACE44B2107}
	EndGlobalSection
EndGlobal
